
Microsoft Visual Studio Solution File, Format Version 12.00
# Visual Studio Version 16
VisualStudioVersion = 16.0.29519.181
MinimumVisualStudioVersion = 15.0.26124.0
Project("{2150E333-8FDC-42A3-9474-1A3956D46DE8}") = "Solution Itens", "Solution Itens", "{55CD68F0-A9D8-4CA5-971D-1A1EB514C118}"
	ProjectSection(SolutionItems) = preProject
		.env = .env
	EndProjectSection
EndProject
Project("{E53339B2-1760-4266-BCC7-CA923CBCF16C}") = "docker-compose", "docker-compose.dcproj", "{EF6A8928-407D-4775-B821-72DABC30B4E0}"
EndProject
Project("{2150E333-8FDC-42A3-9474-1A3956D46DE8}") = "src", "src", "{B81C7C74-0878-4D00-8F7B-981862D01CA7}"
EndProject
Project("{2150E333-8FDC-42A3-9474-1A3956D46DE8}") = "BuildingBlocks", "BuildingBlocks", "{57080A6E-C226-4011-A61B-F8F62422F395}"
EndProject
Project("{2150E333-8FDC-42A3-9474-1A3956D46DE8}") = "EventBus", "EventBus", "{96E76D7E-19B9-478B-974C-12254B212346}"
EndProject
Project("{2150E333-8FDC-42A3-9474-1A3956D46DE8}") = "Services", "Services", "{EE9AAF8C-4DE4-495F-B7D3-1E7844B80D32}"
EndProject
Project("{9A19103F-16F7-4668-BE54-9A1E7A4F7556}") = "EventBusRabbitMQ", "BuildingBlocks\EventBus\EventBusRabbitMQ\EventBusRabbitMQ.csproj", "{A48CC00F-2ACA-4A20-A4A5-764C7381040B}"
EndProject
Project("{9A19103F-16F7-4668-BE54-9A1E7A4F7556}") = "EventBus", "BuildingBlocks\EventBus\EventBus\EventBus.csproj", "{47C93ED9-F23C-4D40-97C1-DDFFFA025E12}"
EndProject
Project("{2150E333-8FDC-42A3-9474-1A3956D46DE8}") = "Notifying", "Notifying", "{38E92FE3-7A36-4F53-A5B3-16DD1DD1C482}"
EndProject
Project("{2150E333-8FDC-42A3-9474-1A3956D46DE8}") = "Publishing", "Publishing", "{B33F2A91-4B65-49C1-B5A9-B94CD8C61C9F}"
EndProject
Project("{2150E333-8FDC-42A3-9474-1A3956D46DE8}") = "Web Apps", "Web Apps", "{27693FC8-3376-47B6-802C-0225871AE992}"
EndProject
Project("{9A19103F-16F7-4668-BE54-9A1E7A4F7556}") = "Publishing.API", "Services\Publishing\Publishing.API\Publishing.API.csproj", "{91FE6045-0C99-4813-A05D-988128B612C1}"
EndProject
Project("{9A19103F-16F7-4668-BE54-9A1E7A4F7556}") = "Notifying.BackgroundTasks", "Services\Notifying\Notifying.BackgroundTasks\Notifying.BackgroundTasks.csproj", "{7961C9D0-0656-4C5E-A6A3-191F8CC50BEE}"
EndProject
Project("{9A19103F-16F7-4668-BE54-9A1E7A4F7556}") = "Notifying.API", "Services\Notifying\Notifying.API\Notifying.API.csproj", "{75DC2758-6969-4548-9E96-7FF4EB2616E7}"
EndProject
Project("{9A19103F-16F7-4668-BE54-9A1E7A4F7556}") = "Devspaces.Support", "BuildingBlocks\Devspaces.Support\Devspaces.Support.csproj", "{1BFC58C2-4384-4A83-841B-CF602D866BBB}"
EndProject
Project("{2150E333-8FDC-42A3-9474-1A3956D46DE8}") = "Identity", "Identity", "{5F45468B-DF81-44AA-B257-EAD1D7FB2B25}"
EndProject
Project("{9A19103F-16F7-4668-BE54-9A1E7A4F7556}") = "Identity.API", "Services\Identity\Identity.API\Identity.API.csproj", "{5864483B-0BF2-42C0-9B20-8FFA75DC01A0}"
EndProject
Project("{9A19103F-16F7-4668-BE54-9A1E7A4F7556}") = "WebMVC", "Web\WebMVC\WebMVC.csproj", "{291AD771-2675-4024-B807-2CCC1CE4BB95}"
EndProject
Project("{2150E333-8FDC-42A3-9474-1A3956D46DE8}") = "Subscribing", "Subscribing", "{19813B9B-016E-4D4B-A3A2-26FA031FFFF9}"
EndProject
Project("{9A19103F-16F7-4668-BE54-9A1E7A4F7556}") = "Subscribing.Application", "Services\Subscribing\Subscribing.Application\Subscribing.Application.csproj", "{757EDF7B-A0CF-4BD0-A6F7-30B89DE6CB86}"
EndProject
Project("{9A19103F-16F7-4668-BE54-9A1E7A4F7556}") = "Subscribing.Infrastructure", "Services\Subscribing\Subscribing.Infrastructure\Subscribing.Infrastructure.csproj", "{C301C692-F55D-4901-BAB9-6A91ECDFC06E}"
EndProject
Project("{2150E333-8FDC-42A3-9474-1A3956D46DE8}") = "Core", "Core", "{2838B6BA-BD69-4016-AD7B-5855E11C8DC9}"
EndProject
Project("{9A19103F-16F7-4668-BE54-9A1E7A4F7556}") = "Subscribing.Domain", "Services\Subscribing\Subscribing.Domain\Subscribing.Domain.csproj", "{FF0D1869-7C08-4216-8B10-7202DC7C1D0A}"
EndProject
Project("{9A19103F-16F7-4668-BE54-9A1E7A4F7556}") = "Notifications.Core", "Services\Core\Notifications.Core\Notifications.Core.csproj", "{BB95942D-72CF-44EF-8635-164CF99939ED}"
EndProject
Project("{2150E333-8FDC-42A3-9474-1A3956D46DE8}") = "EventSource", "EventSource", "{CF61AE6D-6607-4FF2-8E2A-BC71F12CEEFB}"
EndProject
Project("{9A19103F-16F7-4668-BE54-9A1E7A4F7556}") = "EventSourcing", "BuildingBlocks\EventSource\EventSourcing\EventSourcing.csproj", "{6C341649-A03E-4C94-B507-1C5184A2FDB4}"
EndProject
Project("{9A19103F-16F7-4668-BE54-9A1E7A4F7556}") = "IntegrationEventLogEF", "BuildingBlocks\EventBus\IntegrationEventLogEF\IntegrationEventLogEF.csproj", "{B7FE17B1-9B8E-42EC-A585-0F7E442230E1}"
EndProject
Project("{9A19103F-16F7-4668-BE54-9A1E7A4F7556}") = "WebStatus", "Web\WebStatus\WebStatus.csproj", "{735FF6F1-5C44-4FEA-BC77-A4EB10075887}"
EndProject
Project("{9A19103F-16F7-4668-BE54-9A1E7A4F7556}") = "Subscribing.SignalrHub", "Services\Subscribing\Subscribing.SignalrHub\Subscribing.SignalrHub.csproj", "{75839AAE-3A04-4D1A-A3F3-92EDC27D2B3A}"
EndProject
Global
	GlobalSection(SolutionConfigurationPlatforms) = preSolution
		Debug|Any CPU = Debug|Any CPU
		Debug|x64 = Debug|x64
		Debug|x86 = Debug|x86
		Release|Any CPU = Release|Any CPU
		Release|x64 = Release|x64
		Release|x86 = Release|x86
	EndGlobalSection
	GlobalSection(ProjectConfigurationPlatforms) = postSolution
		{EF6A8928-407D-4775-B821-72DABC30B4E0}.Debug|Any CPU.ActiveCfg = Debug|Any CPU
		{EF6A8928-407D-4775-B821-72DABC30B4E0}.Debug|Any CPU.Build.0 = Debug|Any CPU
		{EF6A8928-407D-4775-B821-72DABC30B4E0}.Debug|x64.ActiveCfg = Debug|Any CPU
		{EF6A8928-407D-4775-B821-72DABC30B4E0}.Debug|x64.Build.0 = Debug|Any CPU
		{EF6A8928-407D-4775-B821-72DABC30B4E0}.Debug|x86.ActiveCfg = Debug|Any CPU
		{EF6A8928-407D-4775-B821-72DABC30B4E0}.Debug|x86.Build.0 = Debug|Any CPU
		{EF6A8928-407D-4775-B821-72DABC30B4E0}.Release|Any CPU.ActiveCfg = Release|Any CPU
		{EF6A8928-407D-4775-B821-72DABC30B4E0}.Release|Any CPU.Build.0 = Release|Any CPU
		{EF6A8928-407D-4775-B821-72DABC30B4E0}.Release|x64.ActiveCfg = Release|Any CPU
		{EF6A8928-407D-4775-B821-72DABC30B4E0}.Release|x64.Build.0 = Release|Any CPU
		{EF6A8928-407D-4775-B821-72DABC30B4E0}.Release|x86.ActiveCfg = Release|Any CPU
		{EF6A8928-407D-4775-B821-72DABC30B4E0}.Release|x86.Build.0 = Release|Any CPU
		{A48CC00F-2ACA-4A20-A4A5-764C7381040B}.Debug|Any CPU.ActiveCfg = Debug|Any CPU
		{A48CC00F-2ACA-4A20-A4A5-764C7381040B}.Debug|Any CPU.Build.0 = Debug|Any CPU
		{A48CC00F-2ACA-4A20-A4A5-764C7381040B}.Debug|x64.ActiveCfg = Debug|Any CPU
		{A48CC00F-2ACA-4A20-A4A5-764C7381040B}.Debug|x64.Build.0 = Debug|Any CPU
		{A48CC00F-2ACA-4A20-A4A5-764C7381040B}.Debug|x86.ActiveCfg = Debug|Any CPU
		{A48CC00F-2ACA-4A20-A4A5-764C7381040B}.Debug|x86.Build.0 = Debug|Any CPU
		{A48CC00F-2ACA-4A20-A4A5-764C7381040B}.Release|Any CPU.ActiveCfg = Release|Any CPU
		{A48CC00F-2ACA-4A20-A4A5-764C7381040B}.Release|Any CPU.Build.0 = Release|Any CPU
		{A48CC00F-2ACA-4A20-A4A5-764C7381040B}.Release|x64.ActiveCfg = Release|Any CPU
		{A48CC00F-2ACA-4A20-A4A5-764C7381040B}.Release|x64.Build.0 = Release|Any CPU
		{A48CC00F-2ACA-4A20-A4A5-764C7381040B}.Release|x86.ActiveCfg = Release|Any CPU
		{A48CC00F-2ACA-4A20-A4A5-764C7381040B}.Release|x86.Build.0 = Release|Any CPU
		{47C93ED9-F23C-4D40-97C1-DDFFFA025E12}.Debug|Any CPU.ActiveCfg = Debug|Any CPU
		{47C93ED9-F23C-4D40-97C1-DDFFFA025E12}.Debug|Any CPU.Build.0 = Debug|Any CPU
		{47C93ED9-F23C-4D40-97C1-DDFFFA025E12}.Debug|x64.ActiveCfg = Debug|Any CPU
		{47C93ED9-F23C-4D40-97C1-DDFFFA025E12}.Debug|x64.Build.0 = Debug|Any CPU
		{47C93ED9-F23C-4D40-97C1-DDFFFA025E12}.Debug|x86.ActiveCfg = Debug|Any CPU
		{47C93ED9-F23C-4D40-97C1-DDFFFA025E12}.Debug|x86.Build.0 = Debug|Any CPU
		{47C93ED9-F23C-4D40-97C1-DDFFFA025E12}.Release|Any CPU.ActiveCfg = Release|Any CPU
		{47C93ED9-F23C-4D40-97C1-DDFFFA025E12}.Release|Any CPU.Build.0 = Release|Any CPU
		{47C93ED9-F23C-4D40-97C1-DDFFFA025E12}.Release|x64.ActiveCfg = Release|Any CPU
		{47C93ED9-F23C-4D40-97C1-DDFFFA025E12}.Release|x64.Build.0 = Release|Any CPU
		{47C93ED9-F23C-4D40-97C1-DDFFFA025E12}.Release|x86.ActiveCfg = Release|Any CPU
		{47C93ED9-F23C-4D40-97C1-DDFFFA025E12}.Release|x86.Build.0 = Release|Any CPU
		{91FE6045-0C99-4813-A05D-988128B612C1}.Debug|Any CPU.ActiveCfg = Debug|Any CPU
		{91FE6045-0C99-4813-A05D-988128B612C1}.Debug|Any CPU.Build.0 = Debug|Any CPU
		{91FE6045-0C99-4813-A05D-988128B612C1}.Debug|x64.ActiveCfg = Debug|Any CPU
		{91FE6045-0C99-4813-A05D-988128B612C1}.Debug|x64.Build.0 = Debug|Any CPU
		{91FE6045-0C99-4813-A05D-988128B612C1}.Debug|x86.ActiveCfg = Debug|Any CPU
		{91FE6045-0C99-4813-A05D-988128B612C1}.Debug|x86.Build.0 = Debug|Any CPU
		{91FE6045-0C99-4813-A05D-988128B612C1}.Release|Any CPU.ActiveCfg = Release|Any CPU
		{91FE6045-0C99-4813-A05D-988128B612C1}.Release|Any CPU.Build.0 = Release|Any CPU
		{91FE6045-0C99-4813-A05D-988128B612C1}.Release|x64.ActiveCfg = Release|Any CPU
		{91FE6045-0C99-4813-A05D-988128B612C1}.Release|x64.Build.0 = Release|Any CPU
		{91FE6045-0C99-4813-A05D-988128B612C1}.Release|x86.ActiveCfg = Release|Any CPU
		{91FE6045-0C99-4813-A05D-988128B612C1}.Release|x86.Build.0 = Release|Any CPU
		{7961C9D0-0656-4C5E-A6A3-191F8CC50BEE}.Debug|Any CPU.ActiveCfg = Debug|Any CPU
		{7961C9D0-0656-4C5E-A6A3-191F8CC50BEE}.Debug|Any CPU.Build.0 = Debug|Any CPU
		{7961C9D0-0656-4C5E-A6A3-191F8CC50BEE}.Debug|x64.ActiveCfg = Debug|Any CPU
		{7961C9D0-0656-4C5E-A6A3-191F8CC50BEE}.Debug|x64.Build.0 = Debug|Any CPU
		{7961C9D0-0656-4C5E-A6A3-191F8CC50BEE}.Debug|x86.ActiveCfg = Debug|Any CPU
		{7961C9D0-0656-4C5E-A6A3-191F8CC50BEE}.Debug|x86.Build.0 = Debug|Any CPU
		{7961C9D0-0656-4C5E-A6A3-191F8CC50BEE}.Release|Any CPU.ActiveCfg = Release|Any CPU
		{7961C9D0-0656-4C5E-A6A3-191F8CC50BEE}.Release|Any CPU.Build.0 = Release|Any CPU
		{7961C9D0-0656-4C5E-A6A3-191F8CC50BEE}.Release|x64.ActiveCfg = Release|Any CPU
		{7961C9D0-0656-4C5E-A6A3-191F8CC50BEE}.Release|x64.Build.0 = Release|Any CPU
		{7961C9D0-0656-4C5E-A6A3-191F8CC50BEE}.Release|x86.ActiveCfg = Release|Any CPU
		{7961C9D0-0656-4C5E-A6A3-191F8CC50BEE}.Release|x86.Build.0 = Release|Any CPU
		{75DC2758-6969-4548-9E96-7FF4EB2616E7}.Debug|Any CPU.ActiveCfg = Debug|Any CPU
		{75DC2758-6969-4548-9E96-7FF4EB2616E7}.Debug|Any CPU.Build.0 = Debug|Any CPU
		{75DC2758-6969-4548-9E96-7FF4EB2616E7}.Debug|x64.ActiveCfg = Debug|Any CPU
		{75DC2758-6969-4548-9E96-7FF4EB2616E7}.Debug|x64.Build.0 = Debug|Any CPU
		{75DC2758-6969-4548-9E96-7FF4EB2616E7}.Debug|x86.ActiveCfg = Debug|Any CPU
		{75DC2758-6969-4548-9E96-7FF4EB2616E7}.Debug|x86.Build.0 = Debug|Any CPU
		{75DC2758-6969-4548-9E96-7FF4EB2616E7}.Release|Any CPU.ActiveCfg = Release|Any CPU
		{75DC2758-6969-4548-9E96-7FF4EB2616E7}.Release|Any CPU.Build.0 = Release|Any CPU
		{75DC2758-6969-4548-9E96-7FF4EB2616E7}.Release|x64.ActiveCfg = Release|Any CPU
		{75DC2758-6969-4548-9E96-7FF4EB2616E7}.Release|x64.Build.0 = Release|Any CPU
		{75DC2758-6969-4548-9E96-7FF4EB2616E7}.Release|x86.ActiveCfg = Release|Any CPU
		{75DC2758-6969-4548-9E96-7FF4EB2616E7}.Release|x86.Build.0 = Release|Any CPU
		{1BFC58C2-4384-4A83-841B-CF602D866BBB}.Debug|Any CPU.ActiveCfg = Debug|Any CPU
		{1BFC58C2-4384-4A83-841B-CF602D866BBB}.Debug|Any CPU.Build.0 = Debug|Any CPU
		{1BFC58C2-4384-4A83-841B-CF602D866BBB}.Debug|x64.ActiveCfg = Debug|Any CPU
		{1BFC58C2-4384-4A83-841B-CF602D866BBB}.Debug|x64.Build.0 = Debug|Any CPU
		{1BFC58C2-4384-4A83-841B-CF602D866BBB}.Debug|x86.ActiveCfg = Debug|Any CPU
		{1BFC58C2-4384-4A83-841B-CF602D866BBB}.Debug|x86.Build.0 = Debug|Any CPU
		{1BFC58C2-4384-4A83-841B-CF602D866BBB}.Release|Any CPU.ActiveCfg = Release|Any CPU
		{1BFC58C2-4384-4A83-841B-CF602D866BBB}.Release|Any CPU.Build.0 = Release|Any CPU
		{1BFC58C2-4384-4A83-841B-CF602D866BBB}.Release|x64.ActiveCfg = Release|Any CPU
		{1BFC58C2-4384-4A83-841B-CF602D866BBB}.Release|x64.Build.0 = Release|Any CPU
		{1BFC58C2-4384-4A83-841B-CF602D866BBB}.Release|x86.ActiveCfg = Release|Any CPU
		{1BFC58C2-4384-4A83-841B-CF602D866BBB}.Release|x86.Build.0 = Release|Any CPU
		{5864483B-0BF2-42C0-9B20-8FFA75DC01A0}.Debug|Any CPU.ActiveCfg = Debug|Any CPU
		{5864483B-0BF2-42C0-9B20-8FFA75DC01A0}.Debug|Any CPU.Build.0 = Debug|Any CPU
		{5864483B-0BF2-42C0-9B20-8FFA75DC01A0}.Debug|x64.ActiveCfg = Debug|Any CPU
		{5864483B-0BF2-42C0-9B20-8FFA75DC01A0}.Debug|x64.Build.0 = Debug|Any CPU
		{5864483B-0BF2-42C0-9B20-8FFA75DC01A0}.Debug|x86.ActiveCfg = Debug|Any CPU
		{5864483B-0BF2-42C0-9B20-8FFA75DC01A0}.Debug|x86.Build.0 = Debug|Any CPU
		{5864483B-0BF2-42C0-9B20-8FFA75DC01A0}.Release|Any CPU.ActiveCfg = Release|Any CPU
		{5864483B-0BF2-42C0-9B20-8FFA75DC01A0}.Release|Any CPU.Build.0 = Release|Any CPU
		{5864483B-0BF2-42C0-9B20-8FFA75DC01A0}.Release|x64.ActiveCfg = Release|Any CPU
		{5864483B-0BF2-42C0-9B20-8FFA75DC01A0}.Release|x64.Build.0 = Release|Any CPU
		{5864483B-0BF2-42C0-9B20-8FFA75DC01A0}.Release|x86.ActiveCfg = Release|Any CPU
		{5864483B-0BF2-42C0-9B20-8FFA75DC01A0}.Release|x86.Build.0 = Release|Any CPU
		{291AD771-2675-4024-B807-2CCC1CE4BB95}.Debug|Any CPU.ActiveCfg = Debug|Any CPU
		{291AD771-2675-4024-B807-2CCC1CE4BB95}.Debug|Any CPU.Build.0 = Debug|Any CPU
		{291AD771-2675-4024-B807-2CCC1CE4BB95}.Debug|x64.ActiveCfg = Debug|Any CPU
		{291AD771-2675-4024-B807-2CCC1CE4BB95}.Debug|x64.Build.0 = Debug|Any CPU
		{291AD771-2675-4024-B807-2CCC1CE4BB95}.Debug|x86.ActiveCfg = Debug|Any CPU
		{291AD771-2675-4024-B807-2CCC1CE4BB95}.Debug|x86.Build.0 = Debug|Any CPU
		{291AD771-2675-4024-B807-2CCC1CE4BB95}.Release|Any CPU.ActiveCfg = Release|Any CPU
		{291AD771-2675-4024-B807-2CCC1CE4BB95}.Release|Any CPU.Build.0 = Release|Any CPU
		{291AD771-2675-4024-B807-2CCC1CE4BB95}.Release|x64.ActiveCfg = Release|Any CPU
		{291AD771-2675-4024-B807-2CCC1CE4BB95}.Release|x64.Build.0 = Release|Any CPU
		{291AD771-2675-4024-B807-2CCC1CE4BB95}.Release|x86.ActiveCfg = Release|Any CPU
		{291AD771-2675-4024-B807-2CCC1CE4BB95}.Release|x86.Build.0 = Release|Any CPU
		{757EDF7B-A0CF-4BD0-A6F7-30B89DE6CB86}.Debug|Any CPU.ActiveCfg = Debug|Any CPU
		{757EDF7B-A0CF-4BD0-A6F7-30B89DE6CB86}.Debug|Any CPU.Build.0 = Debug|Any CPU
		{757EDF7B-A0CF-4BD0-A6F7-30B89DE6CB86}.Debug|x64.ActiveCfg = Debug|Any CPU
		{757EDF7B-A0CF-4BD0-A6F7-30B89DE6CB86}.Debug|x64.Build.0 = Debug|Any CPU
		{757EDF7B-A0CF-4BD0-A6F7-30B89DE6CB86}.Debug|x86.ActiveCfg = Debug|Any CPU
		{757EDF7B-A0CF-4BD0-A6F7-30B89DE6CB86}.Debug|x86.Build.0 = Debug|Any CPU
		{757EDF7B-A0CF-4BD0-A6F7-30B89DE6CB86}.Release|Any CPU.ActiveCfg = Release|Any CPU
		{757EDF7B-A0CF-4BD0-A6F7-30B89DE6CB86}.Release|Any CPU.Build.0 = Release|Any CPU
		{757EDF7B-A0CF-4BD0-A6F7-30B89DE6CB86}.Release|x64.ActiveCfg = Release|Any CPU
		{757EDF7B-A0CF-4BD0-A6F7-30B89DE6CB86}.Release|x64.Build.0 = Release|Any CPU
		{757EDF7B-A0CF-4BD0-A6F7-30B89DE6CB86}.Release|x86.ActiveCfg = Release|Any CPU
		{757EDF7B-A0CF-4BD0-A6F7-30B89DE6CB86}.Release|x86.Build.0 = Release|Any CPU
		{C301C692-F55D-4901-BAB9-6A91ECDFC06E}.Debug|Any CPU.ActiveCfg = Debug|Any CPU
		{C301C692-F55D-4901-BAB9-6A91ECDFC06E}.Debug|Any CPU.Build.0 = Debug|Any CPU
		{C301C692-F55D-4901-BAB9-6A91ECDFC06E}.Debug|x64.ActiveCfg = Debug|Any CPU
		{C301C692-F55D-4901-BAB9-6A91ECDFC06E}.Debug|x64.Build.0 = Debug|Any CPU
		{C301C692-F55D-4901-BAB9-6A91ECDFC06E}.Debug|x86.ActiveCfg = Debug|Any CPU
		{C301C692-F55D-4901-BAB9-6A91ECDFC06E}.Debug|x86.Build.0 = Debug|Any CPU
		{C301C692-F55D-4901-BAB9-6A91ECDFC06E}.Release|Any CPU.ActiveCfg = Release|Any CPU
		{C301C692-F55D-4901-BAB9-6A91ECDFC06E}.Release|Any CPU.Build.0 = Release|Any CPU
		{C301C692-F55D-4901-BAB9-6A91ECDFC06E}.Release|x64.ActiveCfg = Release|Any CPU
		{C301C692-F55D-4901-BAB9-6A91ECDFC06E}.Release|x64.Build.0 = Release|Any CPU
		{C301C692-F55D-4901-BAB9-6A91ECDFC06E}.Release|x86.ActiveCfg = Release|Any CPU
		{C301C692-F55D-4901-BAB9-6A91ECDFC06E}.Release|x86.Build.0 = Release|Any CPU
		{FF0D1869-7C08-4216-8B10-7202DC7C1D0A}.Debug|Any CPU.ActiveCfg = Debug|Any CPU
		{FF0D1869-7C08-4216-8B10-7202DC7C1D0A}.Debug|Any CPU.Build.0 = Debug|Any CPU
		{FF0D1869-7C08-4216-8B10-7202DC7C1D0A}.Debug|x64.ActiveCfg = Debug|Any CPU
		{FF0D1869-7C08-4216-8B10-7202DC7C1D0A}.Debug|x64.Build.0 = Debug|Any CPU
		{FF0D1869-7C08-4216-8B10-7202DC7C1D0A}.Debug|x86.ActiveCfg = Debug|Any CPU
		{FF0D1869-7C08-4216-8B10-7202DC7C1D0A}.Debug|x86.Build.0 = Debug|Any CPU
		{FF0D1869-7C08-4216-8B10-7202DC7C1D0A}.Release|Any CPU.ActiveCfg = Release|Any CPU
		{FF0D1869-7C08-4216-8B10-7202DC7C1D0A}.Release|Any CPU.Build.0 = Release|Any CPU
		{FF0D1869-7C08-4216-8B10-7202DC7C1D0A}.Release|x64.ActiveCfg = Release|Any CPU
		{FF0D1869-7C08-4216-8B10-7202DC7C1D0A}.Release|x64.Build.0 = Release|Any CPU
		{FF0D1869-7C08-4216-8B10-7202DC7C1D0A}.Release|x86.ActiveCfg = Release|Any CPU
		{FF0D1869-7C08-4216-8B10-7202DC7C1D0A}.Release|x86.Build.0 = Release|Any CPU
		{BB95942D-72CF-44EF-8635-164CF99939ED}.Debug|Any CPU.ActiveCfg = Debug|Any CPU
		{BB95942D-72CF-44EF-8635-164CF99939ED}.Debug|Any CPU.Build.0 = Debug|Any CPU
		{BB95942D-72CF-44EF-8635-164CF99939ED}.Debug|x64.ActiveCfg = Debug|Any CPU
		{BB95942D-72CF-44EF-8635-164CF99939ED}.Debug|x64.Build.0 = Debug|Any CPU
		{BB95942D-72CF-44EF-8635-164CF99939ED}.Debug|x86.ActiveCfg = Debug|Any CPU
		{BB95942D-72CF-44EF-8635-164CF99939ED}.Debug|x86.Build.0 = Debug|Any CPU
		{BB95942D-72CF-44EF-8635-164CF99939ED}.Release|Any CPU.ActiveCfg = Release|Any CPU
		{BB95942D-72CF-44EF-8635-164CF99939ED}.Release|Any CPU.Build.0 = Release|Any CPU
		{BB95942D-72CF-44EF-8635-164CF99939ED}.Release|x64.ActiveCfg = Release|Any CPU
		{BB95942D-72CF-44EF-8635-164CF99939ED}.Release|x64.Build.0 = Release|Any CPU
		{BB95942D-72CF-44EF-8635-164CF99939ED}.Release|x86.ActiveCfg = Release|Any CPU
		{BB95942D-72CF-44EF-8635-164CF99939ED}.Release|x86.Build.0 = Release|Any CPU
		{6C341649-A03E-4C94-B507-1C5184A2FDB4}.Debug|Any CPU.ActiveCfg = Debug|Any CPU
		{6C341649-A03E-4C94-B507-1C5184A2FDB4}.Debug|Any CPU.Build.0 = Debug|Any CPU
		{6C341649-A03E-4C94-B507-1C5184A2FDB4}.Debug|x64.ActiveCfg = Debug|Any CPU
		{6C341649-A03E-4C94-B507-1C5184A2FDB4}.Debug|x64.Build.0 = Debug|Any CPU
		{6C341649-A03E-4C94-B507-1C5184A2FDB4}.Debug|x86.ActiveCfg = Debug|Any CPU
		{6C341649-A03E-4C94-B507-1C5184A2FDB4}.Debug|x86.Build.0 = Debug|Any CPU
		{6C341649-A03E-4C94-B507-1C5184A2FDB4}.Release|Any CPU.ActiveCfg = Release|Any CPU
		{6C341649-A03E-4C94-B507-1C5184A2FDB4}.Release|Any CPU.Build.0 = Release|Any CPU
		{6C341649-A03E-4C94-B507-1C5184A2FDB4}.Release|x64.ActiveCfg = Release|Any CPU
		{6C341649-A03E-4C94-B507-1C5184A2FDB4}.Release|x64.Build.0 = Release|Any CPU
		{6C341649-A03E-4C94-B507-1C5184A2FDB4}.Release|x86.ActiveCfg = Release|Any CPU
		{6C341649-A03E-4C94-B507-1C5184A2FDB4}.Release|x86.Build.0 = Release|Any CPU
		{B7FE17B1-9B8E-42EC-A585-0F7E442230E1}.Debug|Any CPU.ActiveCfg = Debug|Any CPU
		{B7FE17B1-9B8E-42EC-A585-0F7E442230E1}.Debug|Any CPU.Build.0 = Debug|Any CPU
		{B7FE17B1-9B8E-42EC-A585-0F7E442230E1}.Debug|x64.ActiveCfg = Debug|Any CPU
		{B7FE17B1-9B8E-42EC-A585-0F7E442230E1}.Debug|x64.Build.0 = Debug|Any CPU
		{B7FE17B1-9B8E-42EC-A585-0F7E442230E1}.Debug|x86.ActiveCfg = Debug|Any CPU
		{B7FE17B1-9B8E-42EC-A585-0F7E442230E1}.Debug|x86.Build.0 = Debug|Any CPU
		{B7FE17B1-9B8E-42EC-A585-0F7E442230E1}.Release|Any CPU.ActiveCfg = Release|Any CPU
		{B7FE17B1-9B8E-42EC-A585-0F7E442230E1}.Release|Any CPU.Build.0 = Release|Any CPU
		{B7FE17B1-9B8E-42EC-A585-0F7E442230E1}.Release|x64.ActiveCfg = Release|Any CPU
		{B7FE17B1-9B8E-42EC-A585-0F7E442230E1}.Release|x64.Build.0 = Release|Any CPU
		{B7FE17B1-9B8E-42EC-A585-0F7E442230E1}.Release|x86.ActiveCfg = Release|Any CPU
		{B7FE17B1-9B8E-42EC-A585-0F7E442230E1}.Release|x86.Build.0 = Release|Any CPU
		{735FF6F1-5C44-4FEA-BC77-A4EB10075887}.Debug|Any CPU.ActiveCfg = Debug|Any CPU
		{735FF6F1-5C44-4FEA-BC77-A4EB10075887}.Debug|Any CPU.Build.0 = Debug|Any CPU
		{735FF6F1-5C44-4FEA-BC77-A4EB10075887}.Debug|x64.ActiveCfg = Debug|Any CPU
		{735FF6F1-5C44-4FEA-BC77-A4EB10075887}.Debug|x64.Build.0 = Debug|Any CPU
		{735FF6F1-5C44-4FEA-BC77-A4EB10075887}.Debug|x86.ActiveCfg = Debug|Any CPU
		{735FF6F1-5C44-4FEA-BC77-A4EB10075887}.Debug|x86.Build.0 = Debug|Any CPU
		{735FF6F1-5C44-4FEA-BC77-A4EB10075887}.Release|Any CPU.ActiveCfg = Release|Any CPU
		{735FF6F1-5C44-4FEA-BC77-A4EB10075887}.Release|Any CPU.Build.0 = Release|Any CPU
		{735FF6F1-5C44-4FEA-BC77-A4EB10075887}.Release|x64.ActiveCfg = Release|Any CPU
		{735FF6F1-5C44-4FEA-BC77-A4EB10075887}.Release|x64.Build.0 = Release|Any CPU
		{735FF6F1-5C44-4FEA-BC77-A4EB10075887}.Release|x86.ActiveCfg = Release|Any CPU
		{735FF6F1-5C44-4FEA-BC77-A4EB10075887}.Release|x86.Build.0 = Release|Any CPU
		{75839AAE-3A04-4D1A-A3F3-92EDC27D2B3A}.Debug|Any CPU.ActiveCfg = Debug|Any CPU
		{75839AAE-3A04-4D1A-A3F3-92EDC27D2B3A}.Debug|Any CPU.Build.0 = Debug|Any CPU
		{75839AAE-3A04-4D1A-A3F3-92EDC27D2B3A}.Debug|x64.ActiveCfg = Debug|Any CPU
		{75839AAE-3A04-4D1A-A3F3-92EDC27D2B3A}.Debug|x64.Build.0 = Debug|Any CPU
		{75839AAE-3A04-4D1A-A3F3-92EDC27D2B3A}.Debug|x86.ActiveCfg = Debug|Any CPU
		{75839AAE-3A04-4D1A-A3F3-92EDC27D2B3A}.Debug|x86.Build.0 = Debug|Any CPU
		{75839AAE-3A04-4D1A-A3F3-92EDC27D2B3A}.Release|Any CPU.ActiveCfg = Release|Any CPU
		{75839AAE-3A04-4D1A-A3F3-92EDC27D2B3A}.Release|Any CPU.Build.0 = Release|Any CPU
		{75839AAE-3A04-4D1A-A3F3-92EDC27D2B3A}.Release|x64.ActiveCfg = Release|Any CPU
		{75839AAE-3A04-4D1A-A3F3-92EDC27D2B3A}.Release|x64.Build.0 = Release|Any CPU
		{75839AAE-3A04-4D1A-A3F3-92EDC27D2B3A}.Release|x86.ActiveCfg = Release|Any CPU
		{75839AAE-3A04-4D1A-A3F3-92EDC27D2B3A}.Release|x86.Build.0 = Release|Any CPU
	EndGlobalSection
	GlobalSection(SolutionProperties) = preSolution
		HideSolutionNode = FALSE
	EndGlobalSection
	GlobalSection(NestedProjects) = preSolution
		{57080A6E-C226-4011-A61B-F8F62422F395} = {B81C7C74-0878-4D00-8F7B-981862D01CA7}
		{96E76D7E-19B9-478B-974C-12254B212346} = {57080A6E-C226-4011-A61B-F8F62422F395}
		{EE9AAF8C-4DE4-495F-B7D3-1E7844B80D32} = {B81C7C74-0878-4D00-8F7B-981862D01CA7}
		{A48CC00F-2ACA-4A20-A4A5-764C7381040B} = {96E76D7E-19B9-478B-974C-12254B212346}
		{47C93ED9-F23C-4D40-97C1-DDFFFA025E12} = {96E76D7E-19B9-478B-974C-12254B212346}
		{38E92FE3-7A36-4F53-A5B3-16DD1DD1C482} = {EE9AAF8C-4DE4-495F-B7D3-1E7844B80D32}
		{B33F2A91-4B65-49C1-B5A9-B94CD8C61C9F} = {EE9AAF8C-4DE4-495F-B7D3-1E7844B80D32}
		{27693FC8-3376-47B6-802C-0225871AE992} = {B81C7C74-0878-4D00-8F7B-981862D01CA7}
		{91FE6045-0C99-4813-A05D-988128B612C1} = {B33F2A91-4B65-49C1-B5A9-B94CD8C61C9F}
		{7961C9D0-0656-4C5E-A6A3-191F8CC50BEE} = {38E92FE3-7A36-4F53-A5B3-16DD1DD1C482}
		{75DC2758-6969-4548-9E96-7FF4EB2616E7} = {38E92FE3-7A36-4F53-A5B3-16DD1DD1C482}
		{1BFC58C2-4384-4A83-841B-CF602D866BBB} = {96E76D7E-19B9-478B-974C-12254B212346}
		{5F45468B-DF81-44AA-B257-EAD1D7FB2B25} = {EE9AAF8C-4DE4-495F-B7D3-1E7844B80D32}
		{5864483B-0BF2-42C0-9B20-8FFA75DC01A0} = {5F45468B-DF81-44AA-B257-EAD1D7FB2B25}
		{291AD771-2675-4024-B807-2CCC1CE4BB95} = {27693FC8-3376-47B6-802C-0225871AE992}
		{19813B9B-016E-4D4B-A3A2-26FA031FFFF9} = {EE9AAF8C-4DE4-495F-B7D3-1E7844B80D32}
		{757EDF7B-A0CF-4BD0-A6F7-30B89DE6CB86} = {19813B9B-016E-4D4B-A3A2-26FA031FFFF9}
		{C301C692-F55D-4901-BAB9-6A91ECDFC06E} = {19813B9B-016E-4D4B-A3A2-26FA031FFFF9}
		{2838B6BA-BD69-4016-AD7B-5855E11C8DC9} = {EE9AAF8C-4DE4-495F-B7D3-1E7844B80D32}
		{FF0D1869-7C08-4216-8B10-7202DC7C1D0A} = {19813B9B-016E-4D4B-A3A2-26FA031FFFF9}
		{BB95942D-72CF-44EF-8635-164CF99939ED} = {2838B6BA-BD69-4016-AD7B-5855E11C8DC9}
		{CF61AE6D-6607-4FF2-8E2A-BC71F12CEEFB} = {57080A6E-C226-4011-A61B-F8F62422F395}
		{6C341649-A03E-4C94-B507-1C5184A2FDB4} = {CF61AE6D-6607-4FF2-8E2A-BC71F12CEEFB}
		{B7FE17B1-9B8E-42EC-A585-0F7E442230E1} = {96E76D7E-19B9-478B-974C-12254B212346}
		{735FF6F1-5C44-4FEA-BC77-A4EB10075887} = {27693FC8-3376-47B6-802C-0225871AE992}
		{75839AAE-3A04-4D1A-A3F3-92EDC27D2B3A} = {19813B9B-016E-4D4B-A3A2-26FA031FFFF9}
	EndGlobalSection
	GlobalSection(ExtensibilityGlobals) = postSolution
		SolutionGuid = {53E5E4E3-21A8-40F0-B35A-623192EB458B}
	EndGlobalSection
EndGlobal
